{
  "originHash" : "5ea8dcbe83c61c3f95e8a950753bd349825d0eae361502292611a2f1f10271d2",
  "pins" : [
    {
      "identity" : "alamofire",
      "kind" : "remoteSourceControl",
      "location" : "https://github.com/Alamofire/Alamofire.git",
      "state" : {
        "revision" : "513364f870f6bfc468f9d2ff0a95caccc10044c5",
        "version" : "5.10.2"
      }
    },
    {
      "identity" : "feige",
      "kind" : "remoteSourceControl",
      "location" : "https://github.com/Kosoku/Feige.git",
      "state" : {
        "revision" : "dcc839c138006436eb025184206c8d8eefbff383",
        "version" : "2.2.3"
      }
    },
    {
      "identity" : "romita",
      "kind" : "remoteSourceControl",
      "location" : "https://github.com/Kosoku/Romita.git",
      "state" : {
        "revision" : "fa05a60bfaa64301a926fc434a89e0cbddd1b721",
        "version" : "2.2.1"
      }
    },
    {
      "identity" : "valet",
      "kind" : "remoteSourceControl",
      "location" : "https://github.com/square/Valet.git",
      "state" : {
        "revision" : "05c9e514fbd352a6866877ca31326b4e0b7d6d01",
        "version" : "5.0.0"
      }
    }
  ],
  "version" : 3
}
